
Microsoft Visual Studio Solution File, Format Version 12.00
# Visual Studio 15
VisualStudioVersion = 15.0.28307.136
MinimumVisualStudioVersion = 10.0.40219.1
Project("{FAE04EC0-301F-11D3-BF4B-00C04F79EFBC}") = "XamarinApp4Projeto.Android", "XamarinApp4Projeto\XamarinApp4Projeto.Android\XamarinApp4Projeto.Android.csproj", "{FD0808CE-7F09-472E-AB81-0ABE32014CEF}"
EndProject
Project("{FAE04EC0-301F-11D3-BF4B-00C04F79EFBC}") = "XamarinApp4Projeto.iOS", "XamarinApp4Projeto\XamarinApp4Projeto.iOS\XamarinApp4Projeto.iOS.csproj", "{A8E91339-C4E0-42FB-AFD2-73D876872615}"
EndProject
Project("{FAE04EC0-301F-11D3-BF4B-00C04F79EFBC}") = "XamarinApp4Projeto.UWP", "XamarinApp4Projeto\XamarinApp4Projeto.UWP\XamarinApp4Projeto.UWP.csproj", "{984FCE93-C603-4AAE-A3CF-290A91F942A2}"
EndProject
Project("{FAE04EC0-301F-11D3-BF4B-00C04F79EFBC}") = "XamarinApp4Projeto", "XamarinApp4Projeto\XamarinApp4Projeto\XamarinApp4Projeto.csproj", "{C1391ADE-E02B-4A3A-9F0D-5B3814B0C623}"
EndProject
Global
	GlobalSection(SolutionConfigurationPlatforms) = preSolution
		Ad-Hoc|Any CPU = Ad-Hoc|Any CPU
		Ad-Hoc|ARM = Ad-Hoc|ARM
		Ad-Hoc|iPhone = Ad-Hoc|iPhone
		Ad-Hoc|iPhoneSimulator = Ad-Hoc|iPhoneSimulator
		Ad-Hoc|x64 = Ad-Hoc|x64
		Ad-Hoc|x86 = Ad-Hoc|x86
		AppStore|Any CPU = AppStore|Any CPU
		AppStore|ARM = AppStore|ARM
		AppStore|iPhone = AppStore|iPhone
		AppStore|iPhoneSimulator = AppStore|iPhoneSimulator
		AppStore|x64 = AppStore|x64
		AppStore|x86 = AppStore|x86
		Debug|Any CPU = Debug|Any CPU
		Debug|ARM = Debug|ARM
		Debug|iPhone = Debug|iPhone
		Debug|iPhoneSimulator = Debug|iPhoneSimulator
		Debug|x64 = Debug|x64
		Debug|x86 = Debug|x86
		Release|Any CPU = Release|Any CPU
		Release|ARM = Release|ARM
		Release|iPhone = Release|iPhone
		Release|iPhoneSimulator = Release|iPhoneSimulator
		Release|x64 = Release|x64
		Release|x86 = Release|x86
	EndGlobalSection
	GlobalSection(ProjectConfigurationPlatforms) = postSolution
		{FD0808CE-7F09-472E-AB81-0ABE32014CEF}.Ad-Hoc|Any CPU.ActiveCfg = Release|Any CPU
		{FD0808CE-7F09-472E-AB81-0ABE32014CEF}.Ad-Hoc|Any CPU.Build.0 = Release|Any CPU
		{FD0808CE-7F09-472E-AB81-0ABE32014CEF}.Ad-Hoc|Any CPU.Deploy.0 = Release|Any CPU
		{FD0808CE-7F09-472E-AB81-0ABE32014CEF}.Ad-Hoc|ARM.ActiveCfg = Release|Any CPU
		{FD0808CE-7F09-472E-AB81-0ABE32014CEF}.Ad-Hoc|ARM.Build.0 = Release|Any CPU
		{FD0808CE-7F09-472E-AB81-0ABE32014CEF}.Ad-Hoc|ARM.Deploy.0 = Release|Any CPU
		{FD0808CE-7F09-472E-AB81-0ABE32014CEF}.Ad-Hoc|iPhone.ActiveCfg = Release|Any CPU
		{FD0808CE-7F09-472E-AB81-0ABE32014CEF}.Ad-Hoc|iPhone.Build.0 = Release|Any CPU
		{FD0808CE-7F09-472E-AB81-0ABE32014CEF}.Ad-Hoc|iPhone.Deploy.0 = Release|Any CPU
		{FD0808CE-7F09-472E-AB81-0ABE32014CEF}.Ad-Hoc|iPhoneSimulator.ActiveCfg = Release|Any CPU
		{FD0808CE-7F09-472E-AB81-0ABE32014CEF}.Ad-Hoc|iPhoneSimulator.Build.0 = Release|Any CPU
		{FD0808CE-7F09-472E-AB81-0ABE32014CEF}.Ad-Hoc|iPhoneSimulator.Deploy.0 = Release|Any CPU
		{FD0808CE-7F09-472E-AB81-0ABE32014CEF}.Ad-Hoc|x64.ActiveCfg = Release|Any CPU
		{FD0808CE-7F09-472E-AB81-0ABE32014CEF}.Ad-Hoc|x64.Build.0 = Release|Any CPU
		{FD0808CE-7F09-472E-AB81-0ABE32014CEF}.Ad-Hoc|x64.Deploy.0 = Release|Any CPU
		{FD0808CE-7F09-472E-AB81-0ABE32014CEF}.Ad-Hoc|x86.ActiveCfg = Release|Any CPU
		{FD0808CE-7F09-472E-AB81-0ABE32014CEF}.Ad-Hoc|x86.Build.0 = Release|Any CPU
		{FD0808CE-7F09-472E-AB81-0ABE32014CEF}.Ad-Hoc|x86.Deploy.0 = Release|Any CPU
		{FD0808CE-7F09-472E-AB81-0ABE32014CEF}.AppStore|Any CPU.ActiveCfg = Release|Any CPU
		{FD0808CE-7F09-472E-AB81-0ABE32014CEF}.AppStore|Any CPU.Build.0 = Release|Any CPU
		{FD0808CE-7F09-472E-AB81-0ABE32014CEF}.AppStore|Any CPU.Deploy.0 = Release|Any CPU
		{FD0808CE-7F09-472E-AB81-0ABE32014CEF}.AppStore|ARM.ActiveCfg = Release|Any CPU
		{FD0808CE-7F09-472E-AB81-0ABE32014CEF}.AppStore|ARM.Build.0 = Release|Any CPU
		{FD0808CE-7F09-472E-AB81-0ABE32014CEF}.AppStore|ARM.Deploy.0 = Release|Any CPU
		{FD0808CE-7F09-472E-AB81-0ABE32014CEF}.AppStore|iPhone.ActiveCfg = Release|Any CPU
		{FD0808CE-7F09-472E-AB81-0ABE32014CEF}.AppStore|iPhone.Build.0 = Release|Any CPU
		{FD0808CE-7F09-472E-AB81-0ABE32014CEF}.AppStore|iPhone.Deploy.0 = Release|Any CPU
		{FD0808CE-7F09-472E-AB81-0ABE32014CEF}.AppStore|iPhoneSimulator.ActiveCfg = Release|Any CPU
		{FD0808CE-7F09-472E-AB81-0ABE32014CEF}.AppStore|iPhoneSimulator.Build.0 = Release|Any CPU
		{FD0808CE-7F09-472E-AB81-0ABE32014CEF}.AppStore|iPhoneSimulator.Deploy.0 = Release|Any CPU
		{FD0808CE-7F09-472E-AB81-0ABE32014CEF}.AppStore|x64.ActiveCfg = Release|Any CPU
		{FD0808CE-7F09-472E-AB81-0ABE32014CEF}.AppStore|x64.Build.0 = Release|Any CPU
		{FD0808CE-7F09-472E-AB81-0ABE32014CEF}.AppStore|x64.Deploy.0 = Release|Any CPU
		{FD0808CE-7F09-472E-AB81-0ABE32014CEF}.AppStore|x86.ActiveCfg = Release|Any CPU
		{FD0808CE-7F09-472E-AB81-0ABE32014CEF}.AppStore|x86.Build.0 = Release|Any CPU
		{FD0808CE-7F09-472E-AB81-0ABE32014CEF}.AppStore|x86.Deploy.0 = Release|Any CPU
		{FD0808CE-7F09-472E-AB81-0ABE32014CEF}.Debug|Any CPU.ActiveCfg = Debug|Any CPU
		{FD0808CE-7F09-472E-AB81-0ABE32014CEF}.Debug|Any CPU.Build.0 = Debug|Any CPU
		{FD0808CE-7F09-472E-AB81-0ABE32014CEF}.Debug|Any CPU.Deploy.0 = Debug|Any CPU
		{FD0808CE-7F09-472E-AB81-0ABE32014CEF}.Debug|ARM.ActiveCfg = Debug|Any CPU
		{FD0808CE-7F09-472E-AB81-0ABE32014CEF}.Debug|ARM.Build.0 = Debug|Any CPU
		{FD0808CE-7F09-472E-AB81-0ABE32014CEF}.Debug|ARM.Deploy.0 = Debug|Any CPU
		{FD0808CE-7F09-472E-AB81-0ABE32014CEF}.Debug|iPhone.ActiveCfg = Debug|Any CPU
		{FD0808CE-7F09-472E-AB81-0ABE32014CEF}.Debug|iPhone.Build.0 = Debug|Any CPU
		{FD0808CE-7F09-472E-AB81-0ABE32014CEF}.Debug|iPhone.Deploy.0 = Debug|Any CPU
		{FD0808CE-7F09-472E-AB81-0ABE32014CEF}.Debug|iPhoneSimulator.ActiveCfg = Debug|Any CPU
		{FD0808CE-7F09-472E-AB81-0ABE32014CEF}.Debug|iPhoneSimulator.Build.0 = Debug|Any CPU
		{FD0808CE-7F09-472E-AB81-0ABE32014CEF}.Debug|iPhoneSimulator.Deploy.0 = Debug|Any CPU
		{FD0808CE-7F09-472E-AB81-0ABE32014CEF}.Debug|x64.ActiveCfg = Debug|Any CPU
		{FD0808CE-7F09-472E-AB81-0ABE32014CEF}.Debug|x64.Build.0 = Debug|Any CPU
		{FD0808CE-7F09-472E-AB81-0ABE32014CEF}.Debug|x64.Deploy.0 = Debug|Any CPU
		{FD0808CE-7F09-472E-AB81-0ABE32014CEF}.Debug|x86.ActiveCfg = Debug|Any CPU
		{FD0808CE-7F09-472E-AB81-0ABE32014CEF}.Debug|x86.Build.0 = Debug|Any CPU
		{FD0808CE-7F09-472E-AB81-0ABE32014CEF}.Debug|x86.Deploy.0 = Debug|Any CPU
		{FD0808CE-7F09-472E-AB81-0ABE32014CEF}.Release|Any CPU.ActiveCfg = Release|Any CPU
		{FD0808CE-7F09-472E-AB81-0ABE32014CEF}.Release|Any CPU.Build.0 = Release|Any CPU
		{FD0808CE-7F09-472E-AB81-0ABE32014CEF}.Release|Any CPU.Deploy.0 = Release|Any CPU
		{FD0808CE-7F09-472E-AB81-0ABE32014CEF}.Release|ARM.ActiveCfg = Release|Any CPU
		{FD0808CE-7F09-472E-AB81-0ABE32014CEF}.Release|ARM.Build.0 = Release|Any CPU
		{FD0808CE-7F09-472E-AB81-0ABE32014CEF}.Release|ARM.Deploy.0 = Release|Any CPU
		{FD0808CE-7F09-472E-AB81-0ABE32014CEF}.Release|iPhone.ActiveCfg = Release|Any CPU
		{FD0808CE-7F09-472E-AB81-0ABE32014CEF}.Release|iPhone.Build.0 = Release|Any CPU
		{FD0808CE-7F09-472E-AB81-0ABE32014CEF}.Release|iPhone.Deploy.0 = Release|Any CPU
		{FD0808CE-7F09-472E-AB81-0ABE32014CEF}.Release|iPhoneSimulator.ActiveCfg = Release|Any CPU
		{FD0808CE-7F09-472E-AB81-0ABE32014CEF}.Release|iPhoneSimulator.Build.0 = Release|Any CPU
		{FD0808CE-7F09-472E-AB81-0ABE32014CEF}.Release|iPhoneSimulator.Deploy.0 = Release|Any CPU
		{FD0808CE-7F09-472E-AB81-0ABE32014CEF}.Release|x64.ActiveCfg = Release|Any CPU
		{FD0808CE-7F09-472E-AB81-0ABE32014CEF}.Release|x64.Build.0 = Release|Any CPU
		{FD0808CE-7F09-472E-AB81-0ABE32014CEF}.Release|x64.Deploy.0 = Release|Any CPU
		{FD0808CE-7F09-472E-AB81-0ABE32014CEF}.Release|x86.ActiveCfg = Release|Any CPU
		{FD0808CE-7F09-472E-AB81-0ABE32014CEF}.Release|x86.Build.0 = Release|Any CPU
		{FD0808CE-7F09-472E-AB81-0ABE32014CEF}.Release|x86.Deploy.0 = Release|Any CPU
		{A8E91339-C4E0-42FB-AFD2-73D876872615}.Ad-Hoc|Any CPU.ActiveCfg = Ad-Hoc|iPhone
		{A8E91339-C4E0-42FB-AFD2-73D876872615}.Ad-Hoc|Any CPU.Build.0 = Ad-Hoc|iPhone
		{A8E91339-C4E0-42FB-AFD2-73D876872615}.Ad-Hoc|Any CPU.Deploy.0 = Ad-Hoc|iPhone
		{A8E91339-C4E0-42FB-AFD2-73D876872615}.Ad-Hoc|ARM.ActiveCfg = Ad-Hoc|iPhone
		{A8E91339-C4E0-42FB-AFD2-73D876872615}.Ad-Hoc|ARM.Build.0 = Ad-Hoc|iPhone
		{A8E91339-C4E0-42FB-AFD2-73D876872615}.Ad-Hoc|ARM.Deploy.0 = Ad-Hoc|iPhone
		{A8E91339-C4E0-42FB-AFD2-73D876872615}.Ad-Hoc|iPhone.ActiveCfg = Ad-Hoc|iPhone
		{A8E91339-C4E0-42FB-AFD2-73D876872615}.Ad-Hoc|iPhone.Build.0 = Ad-Hoc|iPhone
		{A8E91339-C4E0-42FB-AFD2-73D876872615}.Ad-Hoc|iPhone.Deploy.0 = Ad-Hoc|iPhone
		{A8E91339-C4E0-42FB-AFD2-73D876872615}.Ad-Hoc|iPhoneSimulator.ActiveCfg = Ad-Hoc|iPhoneSimulator
		{A8E91339-C4E0-42FB-AFD2-73D876872615}.Ad-Hoc|iPhoneSimulator.Build.0 = Ad-Hoc|iPhoneSimulator
		{A8E91339-C4E0-42FB-AFD2-73D876872615}.Ad-Hoc|iPhoneSimulator.Deploy.0 = Ad-Hoc|iPhoneSimulator
		{A8E91339-C4E0-42FB-AFD2-73D876872615}.Ad-Hoc|x64.ActiveCfg = Ad-Hoc|iPhone
		{A8E91339-C4E0-42FB-AFD2-73D876872615}.Ad-Hoc|x64.Build.0 = Ad-Hoc|iPhone
		{A8E91339-C4E0-42FB-AFD2-73D876872615}.Ad-Hoc|x64.Deploy.0 = Ad-Hoc|iPhone
		{A8E91339-C4E0-42FB-AFD2-73D876872615}.Ad-Hoc|x86.ActiveCfg = Ad-Hoc|iPhone
		{A8E91339-C4E0-42FB-AFD2-73D876872615}.Ad-Hoc|x86.Build.0 = Ad-Hoc|iPhone
		{A8E91339-C4E0-42FB-AFD2-73D876872615}.Ad-Hoc|x86.Deploy.0 = Ad-Hoc|iPhone
		{A8E91339-C4E0-42FB-AFD2-73D876872615}.AppStore|Any CPU.ActiveCfg = AppStore|iPhone
		{A8E91339-C4E0-42FB-AFD2-73D876872615}.AppStore|Any CPU.Build.0 = AppStore|iPhone
		{A8E91339-C4E0-42FB-AFD2-73D876872615}.AppStore|Any CPU.Deploy.0 = AppStore|iPhone
		{A8E91339-C4E0-42FB-AFD2-73D876872615}.AppStore|ARM.ActiveCfg = AppStore|iPhone
		{A8E91339-C4E0-42FB-AFD2-73D876872615}.AppStore|ARM.Build.0 = AppStore|iPhone
		{A8E91339-C4E0-42FB-AFD2-73D876872615}.AppStore|ARM.Deploy.0 = AppStore|iPhone
		{A8E91339-C4E0-42FB-AFD2-73D876872615}.AppStore|iPhone.ActiveCfg = AppStore|iPhone
		{A8E91339-C4E0-42FB-AFD2-73D876872615}.AppStore|iPhone.Build.0 = AppStore|iPhone
		{A8E91339-C4E0-42FB-AFD2-73D876872615}.AppStore|iPhone.Deploy.0 = AppStore|iPhone
		{A8E91339-C4E0-42FB-AFD2-73D876872615}.AppStore|iPhoneSimulator.ActiveCfg = AppStore|iPhoneSimulator
		{A8E91339-C4E0-42FB-AFD2-73D876872615}.AppStore|iPhoneSimulator.Build.0 = AppStore|iPhoneSimulator
		{A8E91339-C4E0-42FB-AFD2-73D876872615}.AppStore|iPhoneSimulator.Deploy.0 = AppStore|iPhoneSimulator
		{A8E91339-C4E0-42FB-AFD2-73D876872615}.AppStore|x64.ActiveCfg = AppStore|iPhone
		{A8E91339-C4E0-42FB-AFD2-73D876872615}.AppStore|x64.Build.0 = AppStore|iPhone
		{A8E91339-C4E0-42FB-AFD2-73D876872615}.AppStore|x64.Deploy.0 = AppStore|iPhone
		{A8E91339-C4E0-42FB-AFD2-73D876872615}.AppStore|x86.ActiveCfg = AppStore|iPhone
		{A8E91339-C4E0-42FB-AFD2-73D876872615}.AppStore|x86.Build.0 = AppStore|iPhone
		{A8E91339-C4E0-42FB-AFD2-73D876872615}.AppStore|x86.Deploy.0 = AppStore|iPhone
		{A8E91339-C4E0-42FB-AFD2-73D876872615}.Debug|Any CPU.ActiveCfg = Debug|iPhoneSimulator
		{A8E91339-C4E0-42FB-AFD2-73D876872615}.Debug|Any CPU.Build.0 = Debug|iPhoneSimulator
		{A8E91339-C4E0-42FB-AFD2-73D876872615}.Debug|Any CPU.Deploy.0 = Debug|iPhoneSimulator
		{A8E91339-C4E0-42FB-AFD2-73D876872615}.Debug|ARM.ActiveCfg = Debug|iPhone
		{A8E91339-C4E0-42FB-AFD2-73D876872615}.Debug|ARM.Build.0 = Debug|iPhone
		{A8E91339-C4E0-42FB-AFD2-73D876872615}.Debug|ARM.Deploy.0 = Debug|iPhone
		{A8E91339-C4E0-42FB-AFD2-73D876872615}.Debug|iPhone.ActiveCfg = Debug|iPhone
		{A8E91339-C4E0-42FB-AFD2-73D876872615}.Debug|iPhone.Build.0 = Debug|iPhone
		{A8E91339-C4E0-42FB-AFD2-73D876872615}.Debug|iPhone.Deploy.0 = Debug|iPhone
		{A8E91339-C4E0-42FB-AFD2-73D876872615}.Debug|iPhoneSimulator.ActiveCfg = Debug|iPhoneSimulator
		{A8E91339-C4E0-42FB-AFD2-73D876872615}.Debug|iPhoneSimulator.Build.0 = Debug|iPhoneSimulator
		{A8E91339-C4E0-42FB-AFD2-73D876872615}.Debug|iPhoneSimulator.Deploy.0 = Debug|iPhoneSimulator
		{A8E91339-C4E0-42FB-AFD2-73D876872615}.Debug|x64.ActiveCfg = Debug|iPhone
		{A8E91339-C4E0-42FB-AFD2-73D876872615}.Debug|x64.Build.0 = Debug|iPhone
		{A8E91339-C4E0-42FB-AFD2-73D876872615}.Debug|x64.Deploy.0 = Debug|iPhone
		{A8E91339-C4E0-42FB-AFD2-73D876872615}.Debug|x86.ActiveCfg = Debug|iPhone
		{A8E91339-C4E0-42FB-AFD2-73D876872615}.Debug|x86.Build.0 = Debug|iPhone
		{A8E91339-C4E0-42FB-AFD2-73D876872615}.Debug|x86.Deploy.0 = Debug|iPhone
		{A8E91339-C4E0-42FB-AFD2-73D876872615}.Release|Any CPU.ActiveCfg = Release|iPhone
		{A8E91339-C4E0-42FB-AFD2-73D876872615}.Release|Any CPU.Build.0 = Release|iPhone
		{A8E91339-C4E0-42FB-AFD2-73D876872615}.Release|Any CPU.Deploy.0 = Release|iPhone
		{A8E91339-C4E0-42FB-AFD2-73D876872615}.Release|ARM.ActiveCfg = Release|iPhone
		{A8E91339-C4E0-42FB-AFD2-73D876872615}.Release|ARM.Build.0 = Release|iPhone
		{A8E91339-C4E0-42FB-AFD2-73D876872615}.Release|ARM.Deploy.0 = Release|iPhone
		{A8E91339-C4E0-42FB-AFD2-73D876872615}.Release|iPhone.ActiveCfg = Release|iPhone
		{A8E91339-C4E0-42FB-AFD2-73D876872615}.Release|iPhone.Build.0 = Release|iPhone
		{A8E91339-C4E0-42FB-AFD2-73D876872615}.Release|iPhone.Deploy.0 = Release|iPhone
		{A8E91339-C4E0-42FB-AFD2-73D876872615}.Release|iPhoneSimulator.ActiveCfg = Release|iPhoneSimulator
		{A8E91339-C4E0-42FB-AFD2-73D876872615}.Release|iPhoneSimulator.Build.0 = Release|iPhoneSimulator
		{A8E91339-C4E0-42FB-AFD2-73D876872615}.Release|iPhoneSimulator.Deploy.0 = Release|iPhoneSimulator
		{A8E91339-C4E0-42FB-AFD2-73D876872615}.Release|x64.ActiveCfg = Release|iPhone
		{A8E91339-C4E0-42FB-AFD2-73D876872615}.Release|x64.Build.0 = Release|iPhone
		{A8E91339-C4E0-42FB-AFD2-73D876872615}.Release|x64.Deploy.0 = Release|iPhone
		{A8E91339-C4E0-42FB-AFD2-73D876872615}.Release|x86.ActiveCfg = Release|iPhone
		{A8E91339-C4E0-42FB-AFD2-73D876872615}.Release|x86.Build.0 = Release|iPhone
		{A8E91339-C4E0-42FB-AFD2-73D876872615}.Release|x86.Deploy.0 = Release|iPhone
		{984FCE93-C603-4AAE-A3CF-290A91F942A2}.Ad-Hoc|Any CPU.ActiveCfg = Release|x86
		{984FCE93-C603-4AAE-A3CF-290A91F942A2}.Ad-Hoc|Any CPU.Build.0 = Release|x86
		{984FCE93-C603-4AAE-A3CF-290A91F942A2}.Ad-Hoc|Any CPU.Deploy.0 = Release|x86
		{984FCE93-C603-4AAE-A3CF-290A91F942A2}.Ad-Hoc|ARM.ActiveCfg = Release|ARM
		{984FCE93-C603-4AAE-A3CF-290A91F942A2}.Ad-Hoc|ARM.Build.0 = Release|ARM
		{984FCE93-C603-4AAE-A3CF-290A91F942A2}.Ad-Hoc|ARM.Deploy.0 = Release|ARM
		{984FCE93-C603-4AAE-A3CF-290A91F942A2}.Ad-Hoc|iPhone.ActiveCfg = Release|x86
		{984FCE93-C603-4AAE-A3CF-290A91F942A2}.Ad-Hoc|iPhone.Build.0 = Release|x86
		{984FCE93-C603-4AAE-A3CF-290A91F942A2}.Ad-Hoc|iPhone.Deploy.0 = Release|x86
		{984FCE93-C603-4AAE-A3CF-290A91F942A2}.Ad-Hoc|iPhoneSimulator.ActiveCfg = Release|x86
		{984FCE93-C603-4AAE-A3CF-290A91F942A2}.Ad-Hoc|iPhoneSimulator.Build.0 = Release|x86
		{984FCE93-C603-4AAE-A3CF-290A91F942A2}.Ad-Hoc|iPhoneSimulator.Deploy.0 = Release|x86
		{984FCE93-C603-4AAE-A3CF-290A91F942A2}.Ad-Hoc|x64.ActiveCfg = Release|x64
		{984FCE93-C603-4AAE-A3CF-290A91F942A2}.Ad-Hoc|x64.Build.0 = Release|x64
		{984FCE93-C603-4AAE-A3CF-290A91F942A2}.Ad-Hoc|x64.Deploy.0 = Release|x64
		{984FCE93-C603-4AAE-A3CF-290A91F942A2}.Ad-Hoc|x86.ActiveCfg = Release|x86
		{984FCE93-C603-4AAE-A3CF-290A91F942A2}.Ad-Hoc|x86.Build.0 = Release|x86
		{984FCE93-C603-4AAE-A3CF-290A91F942A2}.Ad-Hoc|x86.Deploy.0 = Release|x86
		{984FCE93-C603-4AAE-A3CF-290A91F942A2}.AppStore|Any CPU.ActiveCfg = Release|x86
		{984FCE93-C603-4AAE-A3CF-290A91F942A2}.AppStore|Any CPU.Build.0 = Release|x86
		{984FCE93-C603-4AAE-A3CF-290A91F942A2}.AppStore|Any CPU.Deploy.0 = Release|x86
		{984FCE93-C603-4AAE-A3CF-290A91F942A2}.AppStore|ARM.ActiveCfg = Release|ARM
		{984FCE93-C603-4AAE-A3CF-290A91F942A2}.AppStore|ARM.Build.0 = Release|ARM
		{984FCE93-C603-4AAE-A3CF-290A91F942A2}.AppStore|ARM.Deploy.0 = Release|ARM
		{984FCE93-C603-4AAE-A3CF-290A91F942A2}.AppStore|iPhone.ActiveCfg = Release|x86
		{984FCE93-C603-4AAE-A3CF-290A91F942A2}.AppStore|iPhone.Build.0 = Release|x86
		{984FCE93-C603-4AAE-A3CF-290A91F942A2}.AppStore|iPhone.Deploy.0 = Release|x86
		{984FCE93-C603-4AAE-A3CF-290A91F942A2}.AppStore|iPhoneSimulator.ActiveCfg = Release|x86
		{984FCE93-C603-4AAE-A3CF-290A91F942A2}.AppStore|iPhoneSimulator.Build.0 = Release|x86
		{984FCE93-C603-4AAE-A3CF-290A91F942A2}.AppStore|iPhoneSimulator.Deploy.0 = Release|x86
		{984FCE93-C603-4AAE-A3CF-290A91F942A2}.AppStore|x64.ActiveCfg = Release|x64
		{984FCE93-C603-4AAE-A3CF-290A91F942A2}.AppStore|x64.Build.0 = Release|x64
		{984FCE93-C603-4AAE-A3CF-290A91F942A2}.AppStore|x64.Deploy.0 = Release|x64
		{984FCE93-C603-4AAE-A3CF-290A91F942A2}.AppStore|x86.ActiveCfg = Release|x86
		{984FCE93-C603-4AAE-A3CF-290A91F942A2}.AppStore|x86.Build.0 = Release|x86
		{984FCE93-C603-4AAE-A3CF-290A91F942A2}.AppStore|x86.Deploy.0 = Release|x86
		{984FCE93-C603-4AAE-A3CF-290A91F942A2}.Debug|Any CPU.ActiveCfg = Debug|x86
		{984FCE93-C603-4AAE-A3CF-290A91F942A2}.Debug|Any CPU.Build.0 = Debug|x86
		{984FCE93-C603-4AAE-A3CF-290A91F942A2}.Debug|Any CPU.Deploy.0 = Debug|x86
		{984FCE93-C603-4AAE-A3CF-290A91F942A2}.Debug|ARM.ActiveCfg = Debug|ARM
		{984FCE93-C603-4AAE-A3CF-290A91F942A2}.Debug|ARM.Build.0 = Debug|ARM
		{984FCE93-C603-4AAE-A3CF-290A91F942A2}.Debug|ARM.Deploy.0 = Debug|ARM
		{984FCE93-C603-4AAE-A3CF-290A91F942A2}.Debug|iPhone.ActiveCfg = Debug|x86
		{984FCE93-C603-4AAE-A3CF-290A91F942A2}.Debug|iPhone.Build.0 = Debug|x86
		{984FCE93-C603-4AAE-A3CF-290A91F942A2}.Debug|iPhone.Deploy.0 = Debug|x86
		{984FCE93-C603-4AAE-A3CF-290A91F942A2}.Debug|iPhoneSimulator.ActiveCfg = Debug|x86
		{984FCE93-C603-4AAE-A3CF-290A91F942A2}.Debug|iPhoneSimulator.Build.0 = Debug|x86
		{984FCE93-C603-4AAE-A3CF-290A91F942A2}.Debug|iPhoneSimulator.Deploy.0 = Debug|x86
		{984FCE93-C603-4AAE-A3CF-290A91F942A2}.Debug|x64.ActiveCfg = Debug|x64
		{984FCE93-C603-4AAE-A3CF-290A91F942A2}.Debug|x64.Build.0 = Debug|x64
		{984FCE93-C603-4AAE-A3CF-290A91F942A2}.Debug|x64.Deploy.0 = Debug|x64
		{984FCE93-C603-4AAE-A3CF-290A91F942A2}.Debug|x86.ActiveCfg = Debug|x86
		{984FCE93-C603-4AAE-A3CF-290A91F942A2}.Debug|x86.Build.0 = Debug|x86
		{984FCE93-C603-4AAE-A3CF-290A91F942A2}.Debug|x86.Deploy.0 = Debug|x86
		{984FCE93-C603-4AAE-A3CF-290A91F942A2}.Release|Any CPU.ActiveCfg = Release|x86
		{984FCE93-C603-4AAE-A3CF-290A91F942A2}.Release|Any CPU.Build.0 = Release|x86
		{984FCE93-C603-4AAE-A3CF-290A91F942A2}.Release|Any CPU.Deploy.0 = Release|x86
		{984FCE93-C603-4AAE-A3CF-290A91F942A2}.Release|ARM.ActiveCfg = Release|ARM
		{984FCE93-C603-4AAE-A3CF-290A91F942A2}.Release|ARM.Build.0 = Release|ARM
		{984FCE93-C603-4AAE-A3CF-290A91F942A2}.Release|ARM.Deploy.0 = Release|ARM
		{984FCE93-C603-4AAE-A3CF-290A91F942A2}.Release|iPhone.ActiveCfg = Release|x86
		{984FCE93-C603-4AAE-A3CF-290A91F942A2}.Release|iPhone.Build.0 = Release|x86
		{984FCE93-C603-4AAE-A3CF-290A91F942A2}.Release|iPhone.Deploy.0 = Release|x86
		{984FCE93-C603-4AAE-A3CF-290A91F942A2}.Release|iPhoneSimulator.ActiveCfg = Release|x86
		{984FCE93-C603-4AAE-A3CF-290A91F942A2}.Release|iPhoneSimulator.Build.0 = Release|x86
		{984FCE93-C603-4AAE-A3CF-290A91F942A2}.Release|iPhoneSimulator.Deploy.0 = Release|x86
		{984FCE93-C603-4AAE-A3CF-290A91F942A2}.Release|x64.ActiveCfg = Release|x64
		{984FCE93-C603-4AAE-A3CF-290A91F942A2}.Release|x64.Build.0 = Release|x64
		{984FCE93-C603-4AAE-A3CF-290A91F942A2}.Release|x64.Deploy.0 = Release|x64
		{984FCE93-C603-4AAE-A3CF-290A91F942A2}.Release|x86.ActiveCfg = Release|x86
		{984FCE93-C603-4AAE-A3CF-290A91F942A2}.Release|x86.Build.0 = Release|x86
		{984FCE93-C603-4AAE-A3CF-290A91F942A2}.Release|x86.Deploy.0 = Release|x86
		{C1391ADE-E02B-4A3A-9F0D-5B3814B0C623}.Ad-Hoc|Any CPU.ActiveCfg = Debug|Any CPU
		{C1391ADE-E02B-4A3A-9F0D-5B3814B0C623}.Ad-Hoc|Any CPU.Build.0 = Debug|Any CPU
		{C1391ADE-E02B-4A3A-9F0D-5B3814B0C623}.Ad-Hoc|Any CPU.Deploy.0 = Debug|Any CPU
		{C1391ADE-E02B-4A3A-9F0D-5B3814B0C623}.Ad-Hoc|ARM.ActiveCfg = Debug|Any CPU
		{C1391ADE-E02B-4A3A-9F0D-5B3814B0C623}.Ad-Hoc|ARM.Build.0 = Debug|Any CPU
		{C1391ADE-E02B-4A3A-9F0D-5B3814B0C623}.Ad-Hoc|ARM.Deploy.0 = Debug|Any CPU
		{C1391ADE-E02B-4A3A-9F0D-5B3814B0C623}.Ad-Hoc|iPhone.ActiveCfg = Debug|Any CPU
		{C1391ADE-E02B-4A3A-9F0D-5B3814B0C623}.Ad-Hoc|iPhone.Build.0 = Debug|Any CPU
		{C1391ADE-E02B-4A3A-9F0D-5B3814B0C623}.Ad-Hoc|iPhone.Deploy.0 = Debug|Any CPU
		{C1391ADE-E02B-4A3A-9F0D-5B3814B0C623}.Ad-Hoc|iPhoneSimulator.ActiveCfg = Debug|Any CPU
		{C1391ADE-E02B-4A3A-9F0D-5B3814B0C623}.Ad-Hoc|iPhoneSimulator.Build.0 = Debug|Any CPU
		{C1391ADE-E02B-4A3A-9F0D-5B3814B0C623}.Ad-Hoc|iPhoneSimulator.Deploy.0 = Debug|Any CPU
		{C1391ADE-E02B-4A3A-9F0D-5B3814B0C623}.Ad-Hoc|x64.ActiveCfg = Debug|Any CPU
		{C1391ADE-E02B-4A3A-9F0D-5B3814B0C623}.Ad-Hoc|x64.Build.0 = Debug|Any CPU
		{C1391ADE-E02B-4A3A-9F0D-5B3814B0C623}.Ad-Hoc|x64.Deploy.0 = Debug|Any CPU
		{C1391ADE-E02B-4A3A-9F0D-5B3814B0C623}.Ad-Hoc|x86.ActiveCfg = Debug|Any CPU
		{C1391ADE-E02B-4A3A-9F0D-5B3814B0C623}.Ad-Hoc|x86.Build.0 = Debug|Any CPU
		{C1391ADE-E02B-4A3A-9F0D-5B3814B0C623}.Ad-Hoc|x86.Deploy.0 = Debug|Any CPU
		{C1391ADE-E02B-4A3A-9F0D-5B3814B0C623}.AppStore|Any CPU.ActiveCfg = Debug|Any CPU
		{C1391ADE-E02B-4A3A-9F0D-5B3814B0C623}.AppStore|Any CPU.Build.0 = Debug|Any CPU
		{C1391ADE-E02B-4A3A-9F0D-5B3814B0C623}.AppStore|Any CPU.Deploy.0 = Debug|Any CPU
		{C1391ADE-E02B-4A3A-9F0D-5B3814B0C623}.AppStore|ARM.ActiveCfg = Debug|Any CPU
		{C1391ADE-E02B-4A3A-9F0D-5B3814B0C623}.AppStore|ARM.Build.0 = Debug|Any CPU
		{C1391ADE-E02B-4A3A-9F0D-5B3814B0C623}.AppStore|ARM.Deploy.0 = Debug|Any CPU
		{C1391ADE-E02B-4A3A-9F0D-5B3814B0C623}.AppStore|iPhone.ActiveCfg = Debug|Any CPU
		{C1391ADE-E02B-4A3A-9F0D-5B3814B0C623}.AppStore|iPhone.Build.0 = Debug|Any CPU
		{C1391ADE-E02B-4A3A-9F0D-5B3814B0C623}.AppStore|iPhone.Deploy.0 = Debug|Any CPU
		{C1391ADE-E02B-4A3A-9F0D-5B3814B0C623}.AppStore|iPhoneSimulator.ActiveCfg = Debug|Any CPU
		{C1391ADE-E02B-4A3A-9F0D-5B3814B0C623}.AppStore|iPhoneSimulator.Build.0 = Debug|Any CPU
		{C1391ADE-E02B-4A3A-9F0D-5B3814B0C623}.AppStore|iPhoneSimulator.Deploy.0 = Debug|Any CPU
		{C1391ADE-E02B-4A3A-9F0D-5B3814B0C623}.AppStore|x64.ActiveCfg = Debug|Any CPU
		{C1391ADE-E02B-4A3A-9F0D-5B3814B0C623}.AppStore|x64.Build.0 = Debug|Any CPU
		{C1391ADE-E02B-4A3A-9F0D-5B3814B0C623}.AppStore|x64.Deploy.0 = Debug|Any CPU
		{C1391ADE-E02B-4A3A-9F0D-5B3814B0C623}.AppStore|x86.ActiveCfg = Debug|Any CPU
		{C1391ADE-E02B-4A3A-9F0D-5B3814B0C623}.AppStore|x86.Build.0 = Debug|Any CPU
		{C1391ADE-E02B-4A3A-9F0D-5B3814B0C623}.AppStore|x86.Deploy.0 = Debug|Any CPU
		{C1391ADE-E02B-4A3A-9F0D-5B3814B0C623}.Debug|Any CPU.ActiveCfg = Debug|Any CPU
		{C1391ADE-E02B-4A3A-9F0D-5B3814B0C623}.Debug|Any CPU.Build.0 = Debug|Any CPU
		{C1391ADE-E02B-4A3A-9F0D-5B3814B0C623}.Debug|Any CPU.Deploy.0 = Debug|Any CPU
		{C1391ADE-E02B-4A3A-9F0D-5B3814B0C623}.Debug|ARM.ActiveCfg = Debug|Any CPU
		{C1391ADE-E02B-4A3A-9F0D-5B3814B0C623}.Debug|ARM.Build.0 = Debug|Any CPU
		{C1391ADE-E02B-4A3A-9F0D-5B3814B0C623}.Debug|ARM.Deploy.0 = Debug|Any CPU
		{C1391ADE-E02B-4A3A-9F0D-5B3814B0C623}.Debug|iPhone.ActiveCfg = Debug|Any CPU
		{C1391ADE-E02B-4A3A-9F0D-5B3814B0C623}.Debug|iPhone.Build.0 = Debug|Any CPU
		{C1391ADE-E02B-4A3A-9F0D-5B3814B0C623}.Debug|iPhone.Deploy.0 = Debug|Any CPU
		{C1391ADE-E02B-4A3A-9F0D-5B3814B0C623}.Debug|iPhoneSimulator.ActiveCfg = Debug|Any CPU
		{C1391ADE-E02B-4A3A-9F0D-5B3814B0C623}.Debug|iPhoneSimulator.Build.0 = Debug|Any CPU
		{C1391ADE-E02B-4A3A-9F0D-5B3814B0C623}.Debug|iPhoneSimulator.Deploy.0 = Debug|Any CPU
		{C1391ADE-E02B-4A3A-9F0D-5B3814B0C623}.Debug|x64.ActiveCfg = Debug|Any CPU
		{C1391ADE-E02B-4A3A-9F0D-5B3814B0C623}.Debug|x64.Build.0 = Debug|Any CPU
		{C1391ADE-E02B-4A3A-9F0D-5B3814B0C623}.Debug|x64.Deploy.0 = Debug|Any CPU
		{C1391ADE-E02B-4A3A-9F0D-5B3814B0C623}.Debug|x86.ActiveCfg = Debug|Any CPU
		{C1391ADE-E02B-4A3A-9F0D-5B3814B0C623}.Debug|x86.Build.0 = Debug|Any CPU
		{C1391ADE-E02B-4A3A-9F0D-5B3814B0C623}.Debug|x86.Deploy.0 = Debug|Any CPU
		{C1391ADE-E02B-4A3A-9F0D-5B3814B0C623}.Release|Any CPU.ActiveCfg = Release|Any CPU
		{C1391ADE-E02B-4A3A-9F0D-5B3814B0C623}.Release|Any CPU.Build.0 = Release|Any CPU
		{C1391ADE-E02B-4A3A-9F0D-5B3814B0C623}.Release|Any CPU.Deploy.0 = Release|Any CPU
		{C1391ADE-E02B-4A3A-9F0D-5B3814B0C623}.Release|ARM.ActiveCfg = Release|Any CPU
		{C1391ADE-E02B-4A3A-9F0D-5B3814B0C623}.Release|ARM.Build.0 = Release|Any CPU
		{C1391ADE-E02B-4A3A-9F0D-5B3814B0C623}.Release|ARM.Deploy.0 = Release|Any CPU
		{C1391ADE-E02B-4A3A-9F0D-5B3814B0C623}.Release|iPhone.ActiveCfg = Release|Any CPU
		{C1391ADE-E02B-4A3A-9F0D-5B3814B0C623}.Release|iPhone.Build.0 = Release|Any CPU
		{C1391ADE-E02B-4A3A-9F0D-5B3814B0C623}.Release|iPhone.Deploy.0 = Release|Any CPU
		{C1391ADE-E02B-4A3A-9F0D-5B3814B0C623}.Release|iPhoneSimulator.ActiveCfg = Release|Any CPU
		{C1391ADE-E02B-4A3A-9F0D-5B3814B0C623}.Release|iPhoneSimulator.Build.0 = Release|Any CPU
		{C1391ADE-E02B-4A3A-9F0D-5B3814B0C623}.Release|iPhoneSimulator.Deploy.0 = Release|Any CPU
		{C1391ADE-E02B-4A3A-9F0D-5B3814B0C623}.Release|x64.ActiveCfg = Release|Any CPU
		{C1391ADE-E02B-4A3A-9F0D-5B3814B0C623}.Release|x64.Build.0 = Release|Any CPU
		{C1391ADE-E02B-4A3A-9F0D-5B3814B0C623}.Release|x64.Deploy.0 = Release|Any CPU
		{C1391ADE-E02B-4A3A-9F0D-5B3814B0C623}.Release|x86.ActiveCfg = Release|Any CPU
		{C1391ADE-E02B-4A3A-9F0D-5B3814B0C623}.Release|x86.Build.0 = Release|Any CPU
		{C1391ADE-E02B-4A3A-9F0D-5B3814B0C623}.Release|x86.Deploy.0 = Release|Any CPU
	EndGlobalSection
	GlobalSection(SolutionProperties) = preSolution
		HideSolutionNode = FALSE
	EndGlobalSection
	GlobalSection(ExtensibilityGlobals) = postSolution
		SolutionGuid = {8B078061-C07D-4EDA-91DE-9F5360F5B645}
	EndGlobalSection
EndGlobal
